// !$*UTF8*$!
{
	archiveVersion = 1;
	classes = {
	};
	objectVersion = 50;
	objects = {

/* Begin PBXBuildFile section */
		9936F43F257BB5060012FAE4 /* DataModel.swift in Sources */ = {isa = PBXBuildFile; fileRef = 9936F43E257BB5060012FAE4 /* DataModel.swift */; };
		998C4C82257BB0E500EEE707 /* AppDelegate.swift in Sources */ = {isa = PBXBuildFile; fileRef = 998C4C81257BB0E500EEE707 /* AppDelegate.swift */; };
		998C4C84257BB0E500EEE707 /* SceneDelegate.swift in Sources */ = {isa = PBXBuildFile; fileRef = 998C4C83257BB0E500EEE707 /* SceneDelegate.swift */; };
		998C4C86257BB0E500EEE707 /* ViewController.swift in Sources */ = {isa = PBXBuildFile; fileRef = 998C4C85257BB0E500EEE707 /* ViewController.swift */; };
		998C4C89257BB0E500EEE707 /* Main.storyboard in Resources */ = {isa = PBXBuildFile; fileRef = 998C4C87257BB0E500EEE707 /* Main.storyboard */; };
		998C4C8B257BB0E600EEE707 /* Assets.xcassets in Resources */ = {isa = PBXBuildFile; fileRef = 998C4C8A257BB0E600EEE707 /* Assets.xcassets */; };
		998C4C8E257BB0E600EEE707 /* LaunchScreen.storyboard in Resources */ = {isa = PBXBuildFile; fileRef = 998C4C8C257BB0E600EEE707 /* LaunchScreen.storyboard */; };
		99DB7A34257BD879002E56D1 /* FilterTableViewController.swift in Sources */ = {isa = PBXBuildFile; fileRef = 99DB7A33257BD879002E56D1 /* FilterTableViewController.swift */; };
/* End PBXBuildFile section */

/* Begin PBXFileReference section */
		9936F43E257BB5060012FAE4 /* DataModel.swift */ = {isa = PBXFileReference; lastKnownFileType = sourcecode.swift; path = DataModel.swift; sourceTree = "<group>"; };
		998C4C7E257BB0E500EEE707 /* Game app.app */ = {isa = PBXFileReference; explicitFileType = wrapper.application; includeInIndex = 0; path = "Game app.app"; sourceTree = BUILT_PRODUCTS_DIR; };
		998C4C81257BB0E500EEE707 /* AppDelegate.swift */ = {isa = PBXFileReference; lastKnownFileType = sourcecode.swift; path = AppDelegate.swift; sourceTree = "<group>"; };
		998C4C83257BB0E500EEE707 /* SceneDelegate.swift */ = {isa = PBXFileReference; lastKnownFileType = sourcecode.swift; path = SceneDelegate.swift; sourceTree = "<group>"; };
		998C4C85257BB0E500EEE707 /* ViewController.swift */ = {isa = PBXFileReference; lastKnownFileType = sourcecode.swift; path = ViewController.swift; sourceTree = "<group>"; };
		998C4C88257BB0E500EEE707 /* Base */ = {isa = PBXFileReference; lastKnownFileType = file.storyboard; name = Base; path = Base.lproj/Main.storyboard; sourceTree = "<group>"; };
		998C4C8A257BB0E600EEE707 /* Assets.xcassets */ = {isa = PBXFileReference; lastKnownFileType = folder.assetcatalog; path = Assets.xcassets; sourceTree = "<group>"; };
		998C4C8D257BB0E600EEE707 /* Base */ = {isa = PBXFileReference; lastKnownFileType = file.storyboard; name = Base; path = Base.lproj/LaunchScreen.storyboard; sourceTree = "<group>"; };
		998C4C8F257BB0E600EEE707 /* Info.plist */ = {isa = PBXFileReference; lastKnownFileType = text.plist.xml; path = Info.plist; sourceTree = "<group>"; };
		99DB7A33257BD879002E56D1 /* FilterTableViewController.swift */ = {isa = PBXFileReference; lastKnownFileType = sourcecode.swift; path = FilterTableViewController.swift; sourceTree = "<group>"; };
/* End PBXFileReference section */

/* Begin PBXFrameworksBuildPhase section */
		998C4C7B257BB0E500EEE707 /* Frameworks */ = {
			isa = PBXFrameworksBuildPhase;
			buildActionMask = 2147483647;
			files = (
			);
			runOnlyForDeploymentPostprocessing = 0;
		};
/* End PBXFrameworksBuildPhase section */

/* Begin PBXGroup section */
		998C4C75257BB0E500EEE707 = {
			isa = PBXGroup;
			children = (
				998C4C80257BB0E500EEE707 /* Game app */,
				998C4C7F257BB0E500EEE707 /* Products */,
			);
			sourceTree = "<group>";
		};
		998C4C7F257BB0E500EEE707 /* Products */ = {
			isa = PBXGroup;
			children = (
				998C4C7E257BB0E500EEE707 /* Game app.app */,
			);
			name = Products;
			sourceTree = "<group>";
		};
		998C4C80257BB0E500EEE707 /* Game app */ = {
			isa = PBXGroup;
			children = (
				998C4C81257BB0E500EEE707 /* AppDelegate.swift */,
				998C4C83257BB0E500EEE707 /* SceneDelegate.swift */,
				998C4C85257BB0E500EEE707 /* ViewController.swift */,
				9936F43E257BB5060012FAE4 /* DataModel.swift */,
				998C4C87257BB0E500EEE707 /* Main.storyboard */,
				99DB7A33257BD879002E56D1 /* FilterTableViewController.swift */,
				998C4C8A257BB0E600EEE707 /* Assets.xcassets */,
				998C4C8C257BB0E600EEE707 /* LaunchScreen.storyboard */,
				998C4C8F257BB0E600EEE707 /* Info.plist */,
			);
			path = "Game app";
			sourceTree = "<group>";
		};
/* End PBXGroup section */

/* Begin PBXNativeTarget section */
		998C4C7D257BB0E500EEE707 /* Game app */ = {
			isa = PBXNativeTarget;
			buildConfigurationList = 998C4C92257BB0E600EEE707 /* Build configuration list for PBXNativeTarget "Game app" */;
			buildPhases = (
				998C4C7A257BB0E500EEE707 /* Sources */,
				998C4C7B257BB0E500EEE707 /* Frameworks */,
				998C4C7C257BB0E500EEE707 /* Resources */,
			);
			buildRules = (
			);
			dependencies = (
			);
			name = "Game app";
			productName = "Game app";
			productReference = 998C4C7E257BB0E500EEE707 /* Game app.app */;
			productType = "com.apple.product-type.application";
		};
/* End PBXNativeTarget section */

/* Begin PBXProject section */
		998C4C76257BB0E500EEE707 /* Project object */ = {
			isa = PBXProject;
			attributes = {
				LastSwiftUpdateCheck = 1220;
				LastUpgradeCheck = 1220;
				TargetAttributes = {
					998C4C7D257BB0E500EEE707 = {
						CreatedOnToolsVersion = 12.2;
					};
				};
			};
			buildConfigurationList = 998C4C79257BB0E500EEE707 /* Build configuration list for PBXProject "Game app" */;
			compatibilityVersion = "Xcode 9.3";
			developmentRegion = en;
			hasScannedForEncodings = 0;
			knownRegions = (
				en,
				Base,
			);
			mainGroup = 998C4C75257BB0E500EEE707;
			productRefGroup = 998C4C7F257BB0E500EEE707 /* Products */;
			projectDirPath = "";
			projectRoot = "";
			targets = (
				998C4C7D257BB0E500EEE707 /* Game app */,
			);
		};
/* End PBXProject section */

/* Begin PBXResourcesBuildPhase section */
		998C4C7C257BB0E500EEE707 /* Resources */ = {
			isa = PBXResourcesBuildPhase;
			buildActionMask = 2147483647;
			files = (
				998C4C8E257BB0E600EEE707 /* LaunchScreen.storyboard in Resources */,
				998C4C8B257BB0E600EEE707 /* Assets.xcassets in Resources */,
				998C4C89257BB0E500EEE707 /* Main.storyboard in Resources */,
			);
			runOnlyForDeploymentPostprocessing = 0;
		};
/* End PBXResourcesBuildPhase section */

/* Begin PBXSourcesBuildPhase section */
		998C4C7A257BB0E500EEE707 /* Sources */ = {
			isa = PBXSourcesBuildPhase;
			buildActionMask = 2147483647;
			files = (
				998C4C86257BB0E500EEE707 /* ViewController.swift in Sources */,
				9936F43F257BB5060012FAE4 /* DataModel.swift in Sources */,
				998C4C82257BB0E500EEE707 /* AppDelegate.swift in Sources */,
				998C4C84257BB0E500EEE707 /* SceneDelegate.swift in Sources */,
				99DB7A34257BD879002E56D1 /* FilterTableViewController.swift in Sources */,
			);
			runOnlyForDeploymentPostprocessing = 0;
		};
/* End PBXSourcesBuildPhase section */

/* Begin PBXVariantGroup section */
		998C4C87257BB0E500EEE707 /* Main.storyboard */ = {
			isa = PBXVariantGroup;
			children = (
				998C4C88257BB0E500EEE707 /* Base */,
			);
			name = Main.storyboard;
			sourceTree = "<group>";
		};
		998C4C8C257BB0E600EEE707 /* LaunchScreen.storyboard */ = {
			isa = PBXVariantGroup;
			children = (
				998C4C8D257BB0E600EEE707 /* Base */,
			);
			name = LaunchScreen.storyboard;
			sourceTree = "<group>";
		};
/* End PBXVariantGroup section */

/* Begin XCBuildConfiguration section */
		998C4C90257BB0E600EEE707 /* Debug */ = {
			isa = XCBuildConfiguration;
			buildSettings = {
				ALWAYS_SEARCH_USER_PATHS = NO;
				CLANG_ANALYZER_NONNULL = YES;
				CLANG_ANALYZER_NUMBER_OBJECT_CONVERSION = YES_AGGRESSIVE;
				CLANG_CXX_LANGUAGE_STANDARD = "gnu++14";
				CLANG_CXX_LIBRARY = "libc++";
				CLANG_ENABLE_MODULES = YES;
				CLANG_ENABLE_OBJC_ARC = YES;
				CLANG_ENABLE_OBJC_WEAK = YES;
				CLANG_WARN_BLOCK_CAPTURE_AUTORELEASING = YES;
				CLANG_WARN_BOOL_CONVERSION = YES;
				CLANG_WARN_COMMA = YES;
				CLANG_WARN_CONSTANT_CONVERSION = YES;
				CLANG_WARN_DEPRECATED_OBJC_IMPLEMENTATIONS = YES;
				CLANG_WARN_DIRECT_OBJC_ISA_USAGE = YES_ERROR;
				CLANG_WARN_DOCUMENTATION_COMMENTS = YES;
				CLANG_WARN_EMPTY_BODY = YES;
				CLANG_WARN_ENUM_CONVERSION = YES;
				CLANG_WARN_INFINITE_RECURSION = YES;
				CLANG_WARN_INT_CONVERSION = YES;
				CLANG_WARN_NON_LITERAL_NULL_CONVERSION = YES;
				CLANG_WARN_OBJC_IMPLICIT_RETAIN_SELF = YES;
				CLANG_WARN_OBJC_LITERAL_CONVERSION = YES;
				CLANG_WARN_OBJC_ROOT_CLASS = YES_ERROR;
				CLANG_WARN_QUOTED_INCLUDE_IN_FRAMEWORK_HEADER = YES;
				CLANG_WARN_RANGE_LOOP_ANALYSIS = YES;
				CLANG_WARN_STRICT_PROTOTYPES = YES;
				CLANG_WARN_SUSPICIOUS_MOVE = YES;
				CLANG_WARN_UNGUARDED_AVAILABILITY = YES_AGGRESSIVE;
				CLANG_WARN_UNREACHABLE_CODE = YES;
				CLANG_WARN__DUPLICATE_METHOD_MATCH = YES;
				COPY_PHASE_STRIP = NO;
				DEBUG_INFORMATION_FORMAT = dwarf;
				ENABLE_STRICT_OBJC_MSGSEND = YES;
				ENABLE_TESTABILITY = YES;
				GCC_C_LANGUAGE_STANDARD = gnu11;
				GCC_DYNAMIC_NO_PIC = NO;
				GCC_NO_COMMON_BLOCKS = YES;
				GCC_OPTIMIZATION_LEVEL = 0;
				GCC_PREPROCESSOR_DEFINITIONS = (
					"DEBUG=1",
					"$(inherited)",
				);
				GCC_WARN_64_TO_32_BIT_CONVERSION = YES;
				GCC_WARN_ABOUT_RETURN_TYPE = YES_ERROR;
				GCC_WARN_UNDECLARED_SELECTOR = YES;
				GCC_WARN_UNINITIALIZED_AUTOS = YES_AGGRESSIVE;
				GCC_WARN_UNUSED_FUNCTION = YES;
				GCC_WARN_UNUSED_VARIABLE = YES;
				IPHONEOS_DEPLOYMENT_TARGET = 14.2;
				MTL_ENABLE_DEBUG_INFO = INCLUDE_SOURCE;
				MTL_FAST_MATH = YES;
				ONLY_ACTIVE_ARCH = YES;
				SDKROOT = iphoneos;
				SWIFT_ACTIVE_COMPILATION_CONDITIONS = DEBUG;
				SWIFT_OPTIMIZATION_LEVEL = "-Onone";
			};
			name = Debug;
		};
		998C4C91257BB0E600EEE707 /* Release */ = {
			isa = XCBuildConfiguration;
			buildSettings = {
				ALWAYS_SEARCH_USER_PATHS = NO;
				CLANG_ANALYZER_NONNULL = YES;
				CLANG_ANALYZER_NUMBER_OBJECT_CONVERSION = YES_AGGRESSIVE;
				CLANG_CXX_LANGUAGE_STANDARD = "gnu++14";
				CLANG_CXX_LIBRARY = "libc++";
				CLANG_ENABLE_MODULES = YES;
				CLANG_ENABLE_OBJC_ARC = YES;
				CLANG_ENABLE_OBJC_WEAK = YES;
				CLANG_WARN_BLOCK_CAPTURE_AUTORELEASING = YES;
				CLANG_WARN_BOOL_CONVERSION = YES;
				CLANG_WARN_COMMA = YES;
				CLANG_WARN_CONSTANT_CONVERSION = YES;
				CLANG_WARN_DEPRECATED_OBJC_IMPLEMENTATIONS = YES;
				CLANG_WARN_DIRECT_OBJC_ISA_USAGE = YES_ERROR;
				CLANG_WARN_DOCUMENTATION_COMMENTS = YES;
				CLANG_WARN_EMPTY_BODY = YES;
				CLANG_WARN_ENUM_CONVERSION = YES;
				CLANG_WARN_INFINITE_RECURSION = YES;
				CLANG_WARN_INT_CONVERSION = YES;
				CLANG_WARN_NON_LITERAL_NULL_CONVERSION = YES;
				CLANG_WARN_OBJC_IMPLICIT_RETAIN_SELF = YES;
				CLANG_WARN_OBJC_LITERAL_CONVERSION = YES;
				CLANG_WARN_OBJC_ROOT_CLASS = YES_ERROR;
				CLANG_WARN_QUOTED_INCLUDE_IN_FRAMEWORK_HEADER = YES;
				CLANG_WARN_RANGE_LOOP_ANALYSIS = YES;
				CLANG_WARN_STRICT_PROTOTYPES = YES;
				CLANG_WARN_SUSPICIOUS_MOVE = YES;
				CLANG_WARN_UNGUARDED_AVAILABILITY = YES_AGGRESSIVE;
				CLANG_WARN_UNREACHABLE_CODE = YES;
				CLANG_WARN__DUPLICATE_METHOD_MATCH = YES;
				COPY_PHASE_STRIP = NO;
				DEBUG_INFORMATION_FORMAT = "dwarf-with-dsym";
				ENABLE_NS_ASSERTIONS = NO;
				ENABLE_STRICT_OBJC_MSGSEND = YES;
				GCC_C_LANGUAGE_STANDARD = gnu11;
				GCC_NO_COMMON_BLOCKS = YES;
				GCC_WARN_64_TO_32_BIT_CONVERSION = YES;
				GCC_WARN_ABOUT_RETURN_TYPE = YES_ERROR;
				GCC_WARN_UNDECLARED_SELECTOR = YES;
				GCC_WARN_UNINITIALIZED_AUTOS = YES_AGGRESSIVE;
				GCC_WARN_UNUSED_FUNCTION = YES;
				GCC_WARN_UNUSED_VARIABLE = YES;
				IPHONEOS_DEPLOYMENT_TARGET = 14.2;
				MTL_ENABLE_DEBUG_INFO = NO;
				MTL_FAST_MATH = YES;
				SDKROOT = iphoneos;
				SWIFT_COMPILATION_MODE = wholemodule;
				SWIFT_OPTIMIZATION_LEVEL = "-O";
				VALIDATE_PRODUCT = YES;
			};
			name = Release;
		};
		998C4C93257BB0E600EEE707 /* Debug */ = {
			isa = XCBuildConfiguration;
			buildSettings = {
				ASSETCATALOG_COMPILER_APPICON_NAME = AppIcon;
				ASSETCATALOG_COMPILER_GLOBAL_ACCENT_COLOR_NAME = AccentColor;
				CODE_SIGN_STYLE = Automatic;
				DEVELOPMENT_TEAM = 48APBRKW5R;
				INFOPLIST_FILE = "Game app/Info.plist";
				LD_RUNPATH_SEARCH_PATHS = (
					"$(inherited)",
					"@executable_path/Frameworks",
				);
				PRODUCT_BUNDLE_IDENTIFIER = "com.iivanu.Game-app";
				PRODUCT_NAME = "$(TARGET_NAME)";
				SWIFT_VERSION = 5.0;
				TARGETED_DEVICE_FAMILY = "1,2";
			};
			name = Debug;
		};
		998C4C94257BB0E600EEE707 /* Release */ = {
			isa = XCBuildConfiguration;
			buildSettings = {
				ASSETCATALOG_COMPILER_APPICON_NAME = AppIcon;
				ASSETCATALOG_COMPILER_GLOBAL_ACCENT_COLOR_NAME = AccentColor;
				CODE_SIGN_STYLE = Automatic;
				DEVELOPMENT_TEAM = 48APBRKW5R;
				INFOPLIST_FILE = "Game app/Info.plist";
				LD_RUNPATH_SEARCH_PATHS = (
					"$(inherited)",
					"@executable_path/Frameworks",
				);
				PRODUCT_BUNDLE_IDENTIFIER = "com.iivanu.Game-app";
				PRODUCT_NAME = "$(TARGET_NAME)";
				SWIFT_VERSION = 5.0;
				TARGETED_DEVICE_FAMILY = "1,2";
			};
			name = Release;
		};
/* End XCBuildConfiguration section */

/* Begin XCConfigurationList section */
		998C4C79257BB0E500EEE707 /* Build configuration list for PBXProject "Game app" */ = {
			isa = XCConfigurationList;
			buildConfigurations = (
				998C4C90257BB0E600EEE707 /* Debug */,
				998C4C91257BB0E600EEE707 /* Release */,
			);
			defaultConfigurationIsVisible = 0;
			defaultConfigurationName = Release;
		};
		998C4C92257BB0E600EEE707 /* Build configuration list for PBXNativeTarget "Game app" */ = {
			isa = XCConfigurationList;
			buildConfigurations = (
				998C4C93257BB0E600EEE707 /* Debug */,
				998C4C94257BB0E600EEE707 /* Release */,
			);
			defaultConfigurationIsVisible = 0;
			defaultConfigurationName = Release;
		};
/* End XCConfigurationList section */
	};
	rootObject = 998C4C76257BB0E500EEE707 /* Project object */;
}
